// !$*UTF8*$!
{
	archiveVersion = 1;
	classes = {
	};
	objectVersion = 50;
	objects = {

/* Begin PBXBuildFile section */
		8417945B948FF72715021A21 /* Pods_IvyLifts.framework in Frameworks */ = {isa = PBXBuildFile; fileRef = 4E77959D05245DA233C5EEE2 /* Pods_IvyLifts.framework */; };
		A8123FBF21D8D734009D6A68 /* Program.swift in Sources */ = {isa = PBXBuildFile; fileRef = A8123FBE21D8D734009D6A68 /* Program.swift */; };
		A8123FC121D8D748009D6A68 /* FitnessGoal+Goal.swift in Sources */ = {isa = PBXBuildFile; fileRef = A8123FC021D8D748009D6A68 /* FitnessGoal+Goal.swift */; };
		A8123FC321D8D758009D6A68 /* Session.swift in Sources */ = {isa = PBXBuildFile; fileRef = A8123FC221D8D758009D6A68 /* Session.swift */; };
		A8123FC521D8D783009D6A68 /* PersonalRecords.swift in Sources */ = {isa = PBXBuildFile; fileRef = A8123FC421D8D783009D6A68 /* PersonalRecords.swift */; };
		A8123FC721D8E02C009D6A68 /* CalibrationScreen.swift in Sources */ = {isa = PBXBuildFile; fileRef = A8123FC621D8E02C009D6A68 /* CalibrationScreen.swift */; };
		A8123FCA21D967FA009D6A68 /* IvyLiftsProgram.swift in Sources */ = {isa = PBXBuildFile; fileRef = A8123FC921D967FA009D6A68 /* IvyLiftsProgram.swift */; };
		A8123FCC21D96F4F009D6A68 /* IvyBrain.swift in Sources */ = {isa = PBXBuildFile; fileRef = A8123FCB21D96F4F009D6A68 /* IvyBrain.swift */; };
		A8123FCE21D97250009D6A68 /* SettingsController.swift in Sources */ = {isa = PBXBuildFile; fileRef = A8123FCD21D97250009D6A68 /* SettingsController.swift */; };
		A8123FD021D97765009D6A68 /* OneRepCalculator.swift in Sources */ = {isa = PBXBuildFile; fileRef = A8123FCF21D97765009D6A68 /* OneRepCalculator.swift */; };
		A826D30921CE237E00B3EA5D /* AppDelegate.swift in Sources */ = {isa = PBXBuildFile; fileRef = A826D30821CE237E00B3EA5D /* AppDelegate.swift */; };
		A826D30B21CE237E00B3EA5D /* LoginViewController.swift in Sources */ = {isa = PBXBuildFile; fileRef = A826D30A21CE237E00B3EA5D /* LoginViewController.swift */; };
		A826D30E21CE237E00B3EA5D /* Main.storyboard in Resources */ = {isa = PBXBuildFile; fileRef = A826D30C21CE237E00B3EA5D /* Main.storyboard */; };
		A826D31021CE237F00B3EA5D /* Assets.xcassets in Resources */ = {isa = PBXBuildFile; fileRef = A826D30F21CE237F00B3EA5D /* Assets.xcassets */; };
		A826D31321CE237F00B3EA5D /* LaunchScreen.storyboard in Resources */ = {isa = PBXBuildFile; fileRef = A826D31121CE237F00B3EA5D /* LaunchScreen.storyboard */; };
		A826D31B21CE285300B3EA5D /* UIColor.swift in Sources */ = {isa = PBXBuildFile; fileRef = A826D31A21CE285300B3EA5D /* UIColor.swift */; };
		A826D31D21CE2E1800B3EA5D /* SignUpViewController.swift in Sources */ = {isa = PBXBuildFile; fileRef = A826D31C21CE2E1800B3EA5D /* SignUpViewController.swift */; };
		A826D31F21CE2E9B00B3EA5D /* MainTabBarController.swift in Sources */ = {isa = PBXBuildFile; fileRef = A826D31E21CE2E9B00B3EA5D /* MainTabBarController.swift */; };
		A826D32121CF71BD00B3EA5D /* IvyAPIManager.swift in Sources */ = {isa = PBXBuildFile; fileRef = A826D32021CF71BD00B3EA5D /* IvyAPIManager.swift */; };
		A826D32421CF8A6D00B3EA5D /* TokenManager.swift in Sources */ = {isa = PBXBuildFile; fileRef = A826D32321CF8A6D00B3EA5D /* TokenManager.swift */; };
		A826D32621CF8AA900B3EA5D /* IvyAuth.swift in Sources */ = {isa = PBXBuildFile; fileRef = A826D32521CF8AA900B3EA5D /* IvyAuth.swift */; };
		A826D32821D0460A00B3EA5D /* Constraints.swift in Sources */ = {isa = PBXBuildFile; fileRef = A826D32721D0460A00B3EA5D /* Constraints.swift */; };
		A826D33021D0633400B3EA5D /* Entry+FitnessEntry.swift in Sources */ = {isa = PBXBuildFile; fileRef = A826D32F21D0633400B3EA5D /* Entry+FitnessEntry.swift */; };
		A826D33221D17FBF00B3EA5D /* ProgramOverviewController.swift in Sources */ = {isa = PBXBuildFile; fileRef = A826D33121D17FBF00B3EA5D /* ProgramOverviewController.swift */; };
		A826D33521D1811900B3EA5D /* ProgramOverviewCell.swift in Sources */ = {isa = PBXBuildFile; fileRef = A826D33421D1811900B3EA5D /* ProgramOverviewCell.swift */; };
		A826D33821D1828D00B3EA5D /* SessionCollectionController.swift in Sources */ = {isa = PBXBuildFile; fileRef = A826D33721D1828D00B3EA5D /* SessionCollectionController.swift */; };
		A826D33B21D18D3B00B3EA5D /* SessionCollectionCell.swift in Sources */ = {isa = PBXBuildFile; fileRef = A826D33A21D18D3B00B3EA5D /* SessionCollectionCell.swift */; };
		A826D34221D1B60F00B3EA5D /* SwiftyBeaver.framework in Frameworks */ = {isa = PBXBuildFile; fileRef = A826D34121D1B60F00B3EA5D /* SwiftyBeaver.framework */; };
		A826D34521D1BB1600B3EA5D /* EntryController.swift in Sources */ = {isa = PBXBuildFile; fileRef = A826D34421D1BB1600B3EA5D /* EntryController.swift */; };
		A83261DA21DC438A003AEC9E /* IvyBrainTests.swift in Sources */ = {isa = PBXBuildFile; fileRef = A83261D921DC438A003AEC9E /* IvyBrainTests.swift */; };
		A83261E221DC5E14003AEC9E /* RoutinesCollectionController.swift in Sources */ = {isa = PBXBuildFile; fileRef = A83261E121DC5E14003AEC9E /* RoutinesCollectionController.swift */; };
		A868DA0821D1CC2700176E63 /* EntryHeaderView.swift in Sources */ = {isa = PBXBuildFile; fileRef = A868DA0721D1CC2700176E63 /* EntryHeaderView.swift */; };
		A868DA0A21D1CC4900176E63 /* EntryCell.swift in Sources */ = {isa = PBXBuildFile; fileRef = A868DA0921D1CC4900176E63 /* EntryCell.swift */; };
		A8E1B6CC21D897970025D7DA /* DataGenerators.swift in Sources */ = {isa = PBXBuildFile; fileRef = A8E1B6CB21D897970025D7DA /* DataGenerators.swift */; };
/* End PBXBuildFile section */

/* Begin PBXContainerItemProxy section */
		A83261DC21DC438A003AEC9E /* PBXContainerItemProxy */ = {
			isa = PBXContainerItemProxy;
			containerPortal = A826D2FD21CE237E00B3EA5D /* Project object */;
			proxyType = 1;
			remoteGlobalIDString = A826D30421CE237E00B3EA5D;
			remoteInfo = IvyLifts;
		};
/* End PBXContainerItemProxy section */

/* Begin PBXFileReference section */
		1C247DC73036A9972CE52E34 /* Pods-IvyLifts.debug.xcconfig */ = {isa = PBXFileReference; includeInIndex = 1; lastKnownFileType = text.xcconfig; name = "Pods-IvyLifts.debug.xcconfig"; path = "Pods/Target Support Files/Pods-IvyLifts/Pods-IvyLifts.debug.xcconfig"; sourceTree = "<group>"; };
		4E77959D05245DA233C5EEE2 /* Pods_IvyLifts.framework */ = {isa = PBXFileReference; explicitFileType = wrapper.framework; includeInIndex = 0; path = Pods_IvyLifts.framework; sourceTree = BUILT_PRODUCTS_DIR; };
		A8123FBE21D8D734009D6A68 /* Program.swift */ = {isa = PBXFileReference; lastKnownFileType = sourcecode.swift; path = Program.swift; sourceTree = "<group>"; };
		A8123FC021D8D748009D6A68 /* FitnessGoal+Goal.swift */ = {isa = PBXFileReference; lastKnownFileType = sourcecode.swift; path = "FitnessGoal+Goal.swift"; sourceTree = "<group>"; };
		A8123FC221D8D758009D6A68 /* Session.swift */ = {isa = PBXFileReference; lastKnownFileType = sourcecode.swift; path = Session.swift; sourceTree = "<group>"; };
		A8123FC421D8D783009D6A68 /* PersonalRecords.swift */ = {isa = PBXFileReference; lastKnownFileType = sourcecode.swift; path = PersonalRecords.swift; sourceTree = "<group>"; };
		A8123FC621D8E02C009D6A68 /* CalibrationScreen.swift */ = {isa = PBXFileReference; lastKnownFileType = sourcecode.swift; path = CalibrationScreen.swift; sourceTree = "<group>"; };
		A8123FC921D967FA009D6A68 /* IvyLiftsProgram.swift */ = {isa = PBXFileReference; lastKnownFileType = sourcecode.swift; path = IvyLiftsProgram.swift; sourceTree = "<group>"; };
		A8123FCB21D96F4F009D6A68 /* IvyBrain.swift */ = {isa = PBXFileReference; lastKnownFileType = sourcecode.swift; path = IvyBrain.swift; sourceTree = "<group>"; };
		A8123FCD21D97250009D6A68 /* SettingsController.swift */ = {isa = PBXFileReference; lastKnownFileType = sourcecode.swift; path = SettingsController.swift; sourceTree = "<group>"; };
		A8123FCF21D97765009D6A68 /* OneRepCalculator.swift */ = {isa = PBXFileReference; lastKnownFileType = sourcecode.swift; path = OneRepCalculator.swift; sourceTree = "<group>"; };
		A826D30521CE237E00B3EA5D /* IvyLifts.app */ = {isa = PBXFileReference; explicitFileType = wrapper.application; includeInIndex = 0; path = IvyLifts.app; sourceTree = BUILT_PRODUCTS_DIR; };
		A826D30821CE237E00B3EA5D /* AppDelegate.swift */ = {isa = PBXFileReference; lastKnownFileType = sourcecode.swift; path = AppDelegate.swift; sourceTree = "<group>"; };
		A826D30A21CE237E00B3EA5D /* LoginViewController.swift */ = {isa = PBXFileReference; lastKnownFileType = sourcecode.swift; path = LoginViewController.swift; sourceTree = "<group>"; };
		A826D30D21CE237E00B3EA5D /* Base */ = {isa = PBXFileReference; lastKnownFileType = file.storyboard; name = Base; path = Base.lproj/Main.storyboard; sourceTree = "<group>"; };
		A826D30F21CE237F00B3EA5D /* Assets.xcassets */ = {isa = PBXFileReference; lastKnownFileType = folder.assetcatalog; path = Assets.xcassets; sourceTree = "<group>"; };
		A826D31221CE237F00B3EA5D /* Base */ = {isa = PBXFileReference; lastKnownFileType = file.storyboard; name = Base; path = Base.lproj/LaunchScreen.storyboard; sourceTree = "<group>"; };
		A826D31421CE237F00B3EA5D /* Info.plist */ = {isa = PBXFileReference; lastKnownFileType = text.plist.xml; path = Info.plist; sourceTree = "<group>"; };
		A826D31A21CE285300B3EA5D /* UIColor.swift */ = {isa = PBXFileReference; lastKnownFileType = sourcecode.swift; path = UIColor.swift; sourceTree = "<group>"; };
		A826D31C21CE2E1800B3EA5D /* SignUpViewController.swift */ = {isa = PBXFileReference; lastKnownFileType = sourcecode.swift; path = SignUpViewController.swift; sourceTree = "<group>"; };
		A826D31E21CE2E9B00B3EA5D /* MainTabBarController.swift */ = {isa = PBXFileReference; lastKnownFileType = sourcecode.swift; path = MainTabBarController.swift; sourceTree = "<group>"; };
		A826D32021CF71BD00B3EA5D /* IvyAPIManager.swift */ = {isa = PBXFileReference; lastKnownFileType = sourcecode.swift; path = IvyAPIManager.swift; sourceTree = "<group>"; };
		A826D32321CF8A6D00B3EA5D /* TokenManager.swift */ = {isa = PBXFileReference; lastKnownFileType = sourcecode.swift; path = TokenManager.swift; sourceTree = "<group>"; };
		A826D32521CF8AA900B3EA5D /* IvyAuth.swift */ = {isa = PBXFileReference; lastKnownFileType = sourcecode.swift; path = IvyAuth.swift; sourceTree = "<group>"; };
		A826D32721D0460A00B3EA5D /* Constraints.swift */ = {isa = PBXFileReference; lastKnownFileType = sourcecode.swift; path = Constraints.swift; sourceTree = "<group>"; };
		A826D32F21D0633400B3EA5D /* Entry+FitnessEntry.swift */ = {isa = PBXFileReference; lastKnownFileType = sourcecode.swift; path = "Entry+FitnessEntry.swift"; sourceTree = "<group>"; };
		A826D33121D17FBF00B3EA5D /* ProgramOverviewController.swift */ = {isa = PBXFileReference; fileEncoding = 4; lastKnownFileType = sourcecode.swift; path = ProgramOverviewController.swift; sourceTree = "<group>"; };
		A826D33421D1811900B3EA5D /* ProgramOverviewCell.swift */ = {isa = PBXFileReference; lastKnownFileType = sourcecode.swift; path = ProgramOverviewCell.swift; sourceTree = "<group>"; };
		A826D33721D1828D00B3EA5D /* SessionCollectionController.swift */ = {isa = PBXFileReference; lastKnownFileType = sourcecode.swift; path = SessionCollectionController.swift; sourceTree = "<group>"; };
		A826D33A21D18D3B00B3EA5D /* SessionCollectionCell.swift */ = {isa = PBXFileReference; lastKnownFileType = sourcecode.swift; path = SessionCollectionCell.swift; sourceTree = "<group>"; };
		A826D34121D1B60F00B3EA5D /* SwiftyBeaver.framework */ = {isa = PBXFileReference; lastKnownFileType = wrapper.framework; name = SwiftyBeaver.framework; path = Carthage/Build/iOS/SwiftyBeaver.framework; sourceTree = "<group>"; };
		A826D34421D1BB1600B3EA5D /* EntryController.swift */ = {isa = PBXFileReference; fileEncoding = 4; lastKnownFileType = sourcecode.swift; path = EntryController.swift; sourceTree = "<group>"; };
		A83261D721DC438A003AEC9E /* IvyBrainTests.xctest */ = {isa = PBXFileReference; explicitFileType = wrapper.cfbundle; includeInIndex = 0; path = IvyBrainTests.xctest; sourceTree = BUILT_PRODUCTS_DIR; };
		A83261D921DC438A003AEC9E /* IvyBrainTests.swift */ = {isa = PBXFileReference; lastKnownFileType = sourcecode.swift; path = IvyBrainTests.swift; sourceTree = "<group>"; };
		A83261DB21DC438A003AEC9E /* Info.plist */ = {isa = PBXFileReference; lastKnownFileType = text.plist.xml; path = Info.plist; sourceTree = "<group>"; };
		A83261E121DC5E14003AEC9E /* RoutinesCollectionController.swift */ = {isa = PBXFileReference; lastKnownFileType = sourcecode.swift; path = RoutinesCollectionController.swift; sourceTree = "<group>"; };
		A868DA0721D1CC2700176E63 /* EntryHeaderView.swift */ = {isa = PBXFileReference; lastKnownFileType = sourcecode.swift; path = EntryHeaderView.swift; sourceTree = "<group>"; };
		A868DA0921D1CC4900176E63 /* EntryCell.swift */ = {isa = PBXFileReference; lastKnownFileType = sourcecode.swift; path = EntryCell.swift; sourceTree = "<group>"; };
		A8E1B6CB21D897970025D7DA /* DataGenerators.swift */ = {isa = PBXFileReference; lastKnownFileType = sourcecode.swift; path = DataGenerators.swift; sourceTree = "<group>"; };
		F89E0F46FDAABE597F7037B3 /* Pods-IvyLifts.release.xcconfig */ = {isa = PBXFileReference; includeInIndex = 1; lastKnownFileType = text.xcconfig; name = "Pods-IvyLifts.release.xcconfig"; path = "Pods/Target Support Files/Pods-IvyLifts/Pods-IvyLifts.release.xcconfig"; sourceTree = "<group>"; };
/* End PBXFileReference section */

/* Begin PBXFrameworksBuildPhase section */
		A826D30221CE237E00B3EA5D /* Frameworks */ = {
			isa = PBXFrameworksBuildPhase;
			buildActionMask = 2147483647;
			files = (
				8417945B948FF72715021A21 /* Pods_IvyLifts.framework in Frameworks */,
				A826D34221D1B60F00B3EA5D /* SwiftyBeaver.framework in Frameworks */,
			);
			runOnlyForDeploymentPostprocessing = 0;
		};
		A83261D421DC438A003AEC9E /* Frameworks */ = {
			isa = PBXFrameworksBuildPhase;
			buildActionMask = 2147483647;
			files = (
			);
			runOnlyForDeploymentPostprocessing = 0;
		};
/* End PBXFrameworksBuildPhase section */

/* Begin PBXGroup section */
		4EF0211E3720ABFC5B603E2C /* Pods */ = {
			isa = PBXGroup;
			children = (
				1C247DC73036A9972CE52E34 /* Pods-IvyLifts.debug.xcconfig */,
				F89E0F46FDAABE597F7037B3 /* Pods-IvyLifts.release.xcconfig */,
			);
			name = Pods;
			sourceTree = "<group>";
		};
		8E5B5ED1259557EC8AEE5B59 /* Frameworks */ = {
			isa = PBXGroup;
			children = (
				A826D34121D1B60F00B3EA5D /* SwiftyBeaver.framework */,
				4E77959D05245DA233C5EEE2 /* Pods_IvyLifts.framework */,
			);
			name = Frameworks;
			sourceTree = "<group>";
		};
		A8123FBD21D8D716009D6A68 /* Models */ = {
			isa = PBXGroup;
			children = (
				A8123FC421D8D783009D6A68 /* PersonalRecords.swift */,
				A826D32F21D0633400B3EA5D /* Entry+FitnessEntry.swift */,
				A8123FC021D8D748009D6A68 /* FitnessGoal+Goal.swift */,
				A8123FC221D8D758009D6A68 /* Session.swift */,
				A8123FBE21D8D734009D6A68 /* Program.swift */,
				A8123FC921D967FA009D6A68 /* IvyLiftsProgram.swift */,
			);
			path = Models;
			sourceTree = "<group>";
		};
		A826D2FC21CE237E00B3EA5D = {
			isa = PBXGroup;
			children = (
				A826D30721CE237E00B3EA5D /* IvyLifts */,
				A83261D821DC438A003AEC9E /* IvyBrainTests */,
				A826D30621CE237E00B3EA5D /* Products */,
				4EF0211E3720ABFC5B603E2C /* Pods */,
				8E5B5ED1259557EC8AEE5B59 /* Frameworks */,
			);
			sourceTree = "<group>";
		};
		A826D30621CE237E00B3EA5D /* Products */ = {
			isa = PBXGroup;
			children = (
				A826D30521CE237E00B3EA5D /* IvyLifts.app */,
				A83261D721DC438A003AEC9E /* IvyBrainTests.xctest */,
			);
			name = Products;
			sourceTree = "<group>";
		};
		A826D30721CE237E00B3EA5D /* IvyLifts */ = {
			isa = PBXGroup;
			children = (
				A826D30821CE237E00B3EA5D /* AppDelegate.swift */,
				A826D32221CF8A3800B3EA5D /* IvyAPI */,
				A826D31E21CE2E9B00B3EA5D /* MainTabBarController.swift */,
				A8123FCF21D97765009D6A68 /* OneRepCalculator.swift */,
				A83261E121DC5E14003AEC9E /* RoutinesCollectionController.swift */,
				A8123FC621D8E02C009D6A68 /* CalibrationScreen.swift */,
				A8123FCB21D96F4F009D6A68 /* IvyBrain.swift */,
				A83261D221DC3FD6003AEC9E /* Settings */,
				A826D32A21D04AD100B3EA5D /* Authentication */,
				A826D33321D1810600B3EA5D /* Workout */,
				A8123FBD21D8D716009D6A68 /* Models */,
				A8E1B6CB21D897970025D7DA /* DataGenerators.swift */,
				A826D32921D0462F00B3EA5D /* UIKit+Extensions */,
				A826D30F21CE237F00B3EA5D /* Assets.xcassets */,
				A826D31121CE237F00B3EA5D /* LaunchScreen.storyboard */,
				A826D31421CE237F00B3EA5D /* Info.plist */,
				A826D30C21CE237E00B3EA5D /* Main.storyboard */,
			);
			path = IvyLifts;
			sourceTree = "<group>";
		};
		A826D32221CF8A3800B3EA5D /* IvyAPI */ = {
			isa = PBXGroup;
			children = (
				A826D32521CF8AA900B3EA5D /* IvyAuth.swift */,
				A826D32321CF8A6D00B3EA5D /* TokenManager.swift */,
				A826D32021CF71BD00B3EA5D /* IvyAPIManager.swift */,
			);
			path = IvyAPI;
			sourceTree = "<group>";
		};
		A826D32921D0462F00B3EA5D /* UIKit+Extensions */ = {
			isa = PBXGroup;
			children = (
				A826D32721D0460A00B3EA5D /* Constraints.swift */,
				A826D31A21CE285300B3EA5D /* UIColor.swift */,
			);
			path = "UIKit+Extensions";
			sourceTree = "<group>";
		};
		A826D32A21D04AD100B3EA5D /* Authentication */ = {
			isa = PBXGroup;
			children = (
				A826D30A21CE237E00B3EA5D /* LoginViewController.swift */,
				A826D31C21CE2E1800B3EA5D /* SignUpViewController.swift */,
			);
			path = Authentication;
			sourceTree = "<group>";
		};
		A826D33321D1810600B3EA5D /* Workout */ = {
			isa = PBXGroup;
			children = (
				A826D33621D1827400B3EA5D /* Overview */,
				A826D33921D185E500B3EA5D /* Workout */,
				A868DA0621D1CC0A00176E63 /* ExerciseEntry */,
			);
			path = Workout;
			sourceTree = "<group>";
		};
		A826D33621D1827400B3EA5D /* Overview */ = {
			isa = PBXGroup;
			children = (
				A826D33421D1811900B3EA5D /* ProgramOverviewCell.swift */,
				A826D33121D17FBF00B3EA5D /* ProgramOverviewController.swift */,
			);
			path = Overview;
			sourceTree = "<group>";
		};
		A826D33921D185E500B3EA5D /* Workout */ = {
			isa = PBXGroup;
			children = (
				A826D33721D1828D00B3EA5D /* SessionCollectionController.swift */,
				A826D33A21D18D3B00B3EA5D /* SessionCollectionCell.swift */,
			);
			path = Workout;
			sourceTree = "<group>";
		};
		A83261D221DC3FD6003AEC9E /* Settings */ = {
			isa = PBXGroup;
			children = (
				A8123FCD21D97250009D6A68 /* SettingsController.swift */,
			);
			path = Settings;
			sourceTree = "<group>";
		};
		A83261D821DC438A003AEC9E /* IvyBrainTests */ = {
			isa = PBXGroup;
			children = (
				A83261D921DC438A003AEC9E /* IvyBrainTests.swift */,
				A83261DB21DC438A003AEC9E /* Info.plist */,
			);
			path = IvyBrainTests;
			sourceTree = "<group>";
		};
		A868DA0621D1CC0A00176E63 /* ExerciseEntry */ = {
			isa = PBXGroup;
			children = (
				A826D34421D1BB1600B3EA5D /* EntryController.swift */,
				A868DA0721D1CC2700176E63 /* EntryHeaderView.swift */,
				A868DA0921D1CC4900176E63 /* EntryCell.swift */,
			);
			path = ExerciseEntry;
			sourceTree = "<group>";
		};
/* End PBXGroup section */

/* Begin PBXNativeTarget section */
		A826D30421CE237E00B3EA5D /* IvyLifts */ = {
			isa = PBXNativeTarget;
			buildConfigurationList = A826D31721CE237F00B3EA5D /* Build configuration list for PBXNativeTarget "IvyLifts" */;
			buildPhases = (
				67E46491A13FD3CA6A47715E /* [CP] Check Pods Manifest.lock */,
				A826D30121CE237E00B3EA5D /* Sources */,
				A826D30221CE237E00B3EA5D /* Frameworks */,
				A826D30321CE237E00B3EA5D /* Resources */,
				AE56006E84B966B317E9ED24 /* [CP] Embed Pods Frameworks */,
				A826D34321D1B61C00B3EA5D /* ShellScript */,
			);
			buildRules = (
			);
			dependencies = (
			);
			name = IvyLifts;
			productName = IvyLifts;
			productReference = A826D30521CE237E00B3EA5D /* IvyLifts.app */;
			productType = "com.apple.product-type.application";
		};
		A83261D621DC438A003AEC9E /* IvyBrainTests */ = {
			isa = PBXNativeTarget;
			buildConfigurationList = A83261DE21DC438A003AEC9E /* Build configuration list for PBXNativeTarget "IvyBrainTests" */;
			buildPhases = (
				A83261D321DC438A003AEC9E /* Sources */,
				A83261D421DC438A003AEC9E /* Frameworks */,
				A83261D521DC438A003AEC9E /* Resources */,
			);
			buildRules = (
			);
			dependencies = (
				A83261DD21DC438A003AEC9E /* PBXTargetDependency */,
			);
			name = IvyBrainTests;
			productName = IvyBrainTests;
			productReference = A83261D721DC438A003AEC9E /* IvyBrainTests.xctest */;
			productType = "com.apple.product-type.bundle.unit-test";
		};
/* End PBXNativeTarget section */

/* Begin PBXProject section */
		A826D2FD21CE237E00B3EA5D /* Project object */ = {
			isa = PBXProject;
			attributes = {
				LastSwiftUpdateCheck = 1010;
				LastUpgradeCheck = 1010;
				ORGANIZATIONNAME = "Mike Lin";
				TargetAttributes = {
					A826D30421CE237E00B3EA5D = {
						CreatedOnToolsVersion = 10.1;
					};
					A83261D621DC438A003AEC9E = {
						CreatedOnToolsVersion = 10.1;
						TestTargetID = A826D30421CE237E00B3EA5D;
					};
				};
			};
			buildConfigurationList = A826D30021CE237E00B3EA5D /* Build configuration list for PBXProject "IvyLifts" */;
			compatibilityVersion = "Xcode 9.3";
			developmentRegion = en;
			hasScannedForEncodings = 0;
			knownRegions = (
				en,
				Base,
			);
			mainGroup = A826D2FC21CE237E00B3EA5D;
			productRefGroup = A826D30621CE237E00B3EA5D /* Products */;
			projectDirPath = "";
			projectRoot = "";
			targets = (
				A826D30421CE237E00B3EA5D /* IvyLifts */,
				A83261D621DC438A003AEC9E /* IvyBrainTests */,
			);
		};
/* End PBXProject section */

/* Begin PBXResourcesBuildPhase section */
		A826D30321CE237E00B3EA5D /* Resources */ = {
			isa = PBXResourcesBuildPhase;
			buildActionMask = 2147483647;
			files = (
				A826D31321CE237F00B3EA5D /* LaunchScreen.storyboard in Resources */,
				A826D31021CE237F00B3EA5D /* Assets.xcassets in Resources */,
				A826D30E21CE237E00B3EA5D /* Main.storyboard in Resources */,
			);
			runOnlyForDeploymentPostprocessing = 0;
		};
		A83261D521DC438A003AEC9E /* Resources */ = {
			isa = PBXResourcesBuildPhase;
			buildActionMask = 2147483647;
			files = (
			);
			runOnlyForDeploymentPostprocessing = 0;
		};
/* End PBXResourcesBuildPhase section */

/* Begin PBXShellScriptBuildPhase section */
		67E46491A13FD3CA6A47715E /* [CP] Check Pods Manifest.lock */ = {
			isa = PBXShellScriptBuildPhase;
			buildActionMask = 2147483647;
			files = (
			);
			inputFileListPaths = (
			);
			inputPaths = (
				"${PODS_PODFILE_DIR_PATH}/Podfile.lock",
				"${PODS_ROOT}/Manifest.lock",
			);
			name = "[CP] Check Pods Manifest.lock";
			outputFileListPaths = (
			);
			outputPaths = (
				"$(DERIVED_FILE_DIR)/Pods-IvyLifts-checkManifestLockResult.txt",
			);
			runOnlyForDeploymentPostprocessing = 0;
			shellPath = /bin/sh;
			shellScript = "diff \"${PODS_PODFILE_DIR_PATH}/Podfile.lock\" \"${PODS_ROOT}/Manifest.lock\" > /dev/null\nif [ $? != 0 ] ; then\n    # print error to STDERR\n    echo \"error: The sandbox is not in sync with the Podfile.lock. Run 'pod install' or update your CocoaPods installation.\" >&2\n    exit 1\nfi\n# This output is used by Xcode 'outputs' to avoid re-running this script phase.\necho \"SUCCESS\" > \"${SCRIPT_OUTPUT_FILE_0}\"\n";
			showEnvVarsInLog = 0;
		};
		A826D34321D1B61C00B3EA5D /* ShellScript */ = {
			isa = PBXShellScriptBuildPhase;
			buildActionMask = 2147483647;
			files = (
			);
			inputFileListPaths = (
			);
			inputPaths = (
				"$(SRCROOT)/Carthage/Build/iOS/SwiftyBeaver.framework",
			);
			outputFileListPaths = (
			);
			outputPaths = (
				"$(BUILT_PRODUCTS_DIR)/$(FRAMEWORKS_FOLDER_PATH)/SwiftyBeaver.framework",
			);
			runOnlyForDeploymentPostprocessing = 0;
			shellPath = /bin/sh;
			shellScript = "/usr/local/bin/carthage copy-frameworks\n";
		};
		AE56006E84B966B317E9ED24 /* [CP] Embed Pods Frameworks */ = {
			isa = PBXShellScriptBuildPhase;
			buildActionMask = 2147483647;
			files = (
			);
			inputFileListPaths = (
			);
			inputPaths = (
				"${SRCROOT}/Pods/Target Support Files/Pods-IvyLifts/Pods-IvyLifts-frameworks.sh",
				"${BUILT_PRODUCTS_DIR}/Alamofire/Alamofire.framework",
				"${BUILT_PRODUCTS_DIR}/JSONWebToken/JWT.framework",
				"${BUILT_PRODUCTS_DIR}/Realm/Realm.framework",
				"${BUILT_PRODUCTS_DIR}/RealmSwift/RealmSwift.framework",
			);
			name = "[CP] Embed Pods Frameworks";
			outputFileListPaths = (
			);
			outputPaths = (
				"${TARGET_BUILD_DIR}/${FRAMEWORKS_FOLDER_PATH}/Alamofire.framework",
				"${TARGET_BUILD_DIR}/${FRAMEWORKS_FOLDER_PATH}/JWT.framework",
				"${TARGET_BUILD_DIR}/${FRAMEWORKS_FOLDER_PATH}/Realm.framework",
				"${TARGET_BUILD_DIR}/${FRAMEWORKS_FOLDER_PATH}/RealmSwift.framework",
			);
			runOnlyForDeploymentPostprocessing = 0;
			shellPath = /bin/sh;
			shellScript = "\"${SRCROOT}/Pods/Target Support Files/Pods-IvyLifts/Pods-IvyLifts-frameworks.sh\"\n";
			showEnvVarsInLog = 0;
		};
/* End PBXShellScriptBuildPhase section */

/* Begin PBXSourcesBuildPhase section */
		A826D30121CE237E00B3EA5D /* Sources */ = {
			isa = PBXSourcesBuildPhase;
			buildActionMask = 2147483647;
			files = (
				A8123FC121D8D748009D6A68 /* FitnessGoal+Goal.swift in Sources */,
				A826D32121CF71BD00B3EA5D /* IvyAPIManager.swift in Sources */,
				A868DA0821D1CC2700176E63 /* EntryHeaderView.swift in Sources */,
				A826D33521D1811900B3EA5D /* ProgramOverviewCell.swift in Sources */,
				A826D34521D1BB1600B3EA5D /* EntryController.swift in Sources */,
				A8123FBF21D8D734009D6A68 /* Program.swift in Sources */,
				A826D30B21CE237E00B3EA5D /* LoginViewController.swift in Sources */,
				A8E1B6CC21D897970025D7DA /* DataGenerators.swift in Sources */,
				A8123FC721D8E02C009D6A68 /* CalibrationScreen.swift in Sources */,
				A8123FCC21D96F4F009D6A68 /* IvyBrain.swift in Sources */,
				A826D33021D0633400B3EA5D /* Entry+FitnessEntry.swift in Sources */,
				A8123FCA21D967FA009D6A68 /* IvyLiftsProgram.swift in Sources */,
				A826D32621CF8AA900B3EA5D /* IvyAuth.swift in Sources */,
				A8123FC521D8D783009D6A68 /* PersonalRecords.swift in Sources */,
				A8123FCE21D97250009D6A68 /* SettingsController.swift in Sources */,
				A8123FC321D8D758009D6A68 /* Session.swift in Sources */,
				A826D33221D17FBF00B3EA5D /* ProgramOverviewController.swift in Sources */,
				A8123FD021D97765009D6A68 /* OneRepCalculator.swift in Sources */,
				A83261E221DC5E14003AEC9E /* RoutinesCollectionController.swift in Sources */,
				A826D31B21CE285300B3EA5D /* UIColor.swift in Sources */,
				A826D31F21CE2E9B00B3EA5D /* MainTabBarController.swift in Sources */,
				A826D31D21CE2E1800B3EA5D /* SignUpViewController.swift in Sources */,
				A868DA0A21D1CC4900176E63 /* EntryCell.swift in Sources */,
				A826D30921CE237E00B3EA5D /* AppDelegate.swift in Sources */,
				A826D33B21D18D3B00B3EA5D /* SessionCollectionCell.swift in Sources */,
				A826D33821D1828D00B3EA5D /* SessionCollectionController.swift in Sources */,
				A826D32821D0460A00B3EA5D /* Constraints.swift in Sources */,
				A826D32421CF8A6D00B3EA5D /* TokenManager.swift in Sources */,
			);
			runOnlyForDeploymentPostprocessing = 0;
		};
		A83261D321DC438A003AEC9E /* Sources */ = {
			isa = PBXSourcesBuildPhase;
			buildActionMask = 2147483647;
			files = (
				A83261DA21DC438A003AEC9E /* IvyBrainTests.swift in Sources */,
			);
			runOnlyForDeploymentPostprocessing = 0;
		};
/* End PBXSourcesBuildPhase section */

/* Begin PBXTargetDependency section */
		A83261DD21DC438A003AEC9E /* PBXTargetDependency */ = {
			isa = PBXTargetDependency;
			target = A826D30421CE237E00B3EA5D /* IvyLifts */;
			targetProxy = A83261DC21DC438A003AEC9E /* PBXContainerItemProxy */;
		};
/* End PBXTargetDependency section */

/* Begin PBXVariantGroup section */
		A826D30C21CE237E00B3EA5D /* Main.storyboard */ = {
			isa = PBXVariantGroup;
			children = (
				A826D30D21CE237E00B3EA5D /* Base */,
			);
			name = Main.storyboard;
			sourceTree = "<group>";
		};
		A826D31121CE237F00B3EA5D /* LaunchScreen.storyboard */ = {
			isa = PBXVariantGroup;
			children = (
				A826D31221CE237F00B3EA5D /* Base */,
			);
			name = LaunchScreen.storyboard;
			sourceTree = "<group>";
		};
/* End PBXVariantGroup section */

/* Begin XCBuildConfiguration section */
		A826D31521CE237F00B3EA5D /* Debug */ = {
			isa = XCBuildConfiguration;
			buildSettings = {
				ALWAYS_SEARCH_USER_PATHS = NO;
				CLANG_ANALYZER_NONNULL = YES;
				CLANG_ANALYZER_NUMBER_OBJECT_CONVERSION = YES_AGGRESSIVE;
				CLANG_CXX_LANGUAGE_STANDARD = "gnu++14";
				CLANG_CXX_LIBRARY = "libc++";
				CLANG_ENABLE_MODULES = YES;
				CLANG_ENABLE_OBJC_ARC = YES;
				CLANG_ENABLE_OBJC_WEAK = YES;
				CLANG_WARN_BLOCK_CAPTURE_AUTORELEASING = YES;
				CLANG_WARN_BOOL_CONVERSION = YES;
				CLANG_WARN_COMMA = YES;
				CLANG_WARN_CONSTANT_CONVERSION = YES;
				CLANG_WARN_DEPRECATED_OBJC_IMPLEMENTATIONS = YES;
				CLANG_WARN_DIRECT_OBJC_ISA_USAGE = YES_ERROR;
				CLANG_WARN_DOCUMENTATION_COMMENTS = YES;
				CLANG_WARN_EMPTY_BODY = YES;
				CLANG_WARN_ENUM_CONVERSION = YES;
				CLANG_WARN_INFINITE_RECURSION = YES;
				CLANG_WARN_INT_CONVERSION = YES;
				CLANG_WARN_NON_LITERAL_NULL_CONVERSION = YES;
				CLANG_WARN_OBJC_IMPLICIT_RETAIN_SELF = YES;
				CLANG_WARN_OBJC_LITERAL_CONVERSION = YES;
				CLANG_WARN_OBJC_ROOT_CLASS = YES_ERROR;
				CLANG_WARN_RANGE_LOOP_ANALYSIS = YES;
				CLANG_WARN_STRICT_PROTOTYPES = YES;
				CLANG_WARN_SUSPICIOUS_MOVE = YES;
				CLANG_WARN_UNGUARDED_AVAILABILITY = YES_AGGRESSIVE;
				CLANG_WARN_UNREACHABLE_CODE = YES;
				CLANG_WARN__DUPLICATE_METHOD_MATCH = YES;
				CODE_SIGN_IDENTITY = "iPhone Developer";
				COPY_PHASE_STRIP = NO;
				DEBUG_INFORMATION_FORMAT = dwarf;
				ENABLE_STRICT_OBJC_MSGSEND = YES;
				ENABLE_TESTABILITY = YES;
				GCC_C_LANGUAGE_STANDARD = gnu11;
				GCC_DYNAMIC_NO_PIC = NO;
				GCC_NO_COMMON_BLOCKS = YES;
				GCC_OPTIMIZATION_LEVEL = 0;
				GCC_PREPROCESSOR_DEFINITIONS = (
					"DEBUG=1",
					"$(inherited)",
				);
				GCC_WARN_64_TO_32_BIT_CONVERSION = YES;
				GCC_WARN_ABOUT_RETURN_TYPE = YES_ERROR;
				GCC_WARN_UNDECLARED_SELECTOR = YES;
				GCC_WARN_UNINITIALIZED_AUTOS = YES_AGGRESSIVE;
				GCC_WARN_UNUSED_FUNCTION = YES;
				GCC_WARN_UNUSED_VARIABLE = YES;
				IPHONEOS_DEPLOYMENT_TARGET = 12.1;
				MTL_ENABLE_DEBUG_INFO = INCLUDE_SOURCE;
				MTL_FAST_MATH = YES;
				ONLY_ACTIVE_ARCH = YES;
				SDKROOT = iphoneos;
				SWIFT_ACTIVE_COMPILATION_CONDITIONS = DEBUG;
				SWIFT_OPTIMIZATION_LEVEL = "-Onone";
			};
			name = Debug;
		};
		A826D31621CE237F00B3EA5D /* Release */ = {
			isa = XCBuildConfiguration;
			buildSettings = {
				ALWAYS_SEARCH_USER_PATHS = NO;
				CLANG_ANALYZER_NONNULL = YES;
				CLANG_ANALYZER_NUMBER_OBJECT_CONVERSION = YES_AGGRESSIVE;
				CLANG_CXX_LANGUAGE_STANDARD = "gnu++14";
				CLANG_CXX_LIBRARY = "libc++";
				CLANG_ENABLE_MODULES = YES;
				CLANG_ENABLE_OBJC_ARC = YES;
				CLANG_ENABLE_OBJC_WEAK = YES;
				CLANG_WARN_BLOCK_CAPTURE_AUTORELEASING = YES;
				CLANG_WARN_BOOL_CONVERSION = YES;
				CLANG_WARN_COMMA = YES;
				CLANG_WARN_CONSTANT_CONVERSION = YES;
				CLANG_WARN_DEPRECATED_OBJC_IMPLEMENTATIONS = YES;
				CLANG_WARN_DIRECT_OBJC_ISA_USAGE = YES_ERROR;
				CLANG_WARN_DOCUMENTATION_COMMENTS = YES;
				CLANG_WARN_EMPTY_BODY = YES;
				CLANG_WARN_ENUM_CONVERSION = YES;
				CLANG_WARN_INFINITE_RECURSION = YES;
				CLANG_WARN_INT_CONVERSION = YES;
				CLANG_WARN_NON_LITERAL_NULL_CONVERSION = YES;
				CLANG_WARN_OBJC_IMPLICIT_RETAIN_SELF = YES;
				CLANG_WARN_OBJC_LITERAL_CONVERSION = YES;
				CLANG_WARN_OBJC_ROOT_CLASS = YES_ERROR;
				CLANG_WARN_RANGE_LOOP_ANALYSIS = YES;
				CLANG_WARN_STRICT_PROTOTYPES = YES;
				CLANG_WARN_SUSPICIOUS_MOVE = YES;
				CLANG_WARN_UNGUARDED_AVAILABILITY = YES_AGGRESSIVE;
				CLANG_WARN_UNREACHABLE_CODE = YES;
				CLANG_WARN__DUPLICATE_METHOD_MATCH = YES;
				CODE_SIGN_IDENTITY = "iPhone Developer";
				COPY_PHASE_STRIP = NO;
				DEBUG_INFORMATION_FORMAT = "dwarf-with-dsym";
				ENABLE_NS_ASSERTIONS = NO;
				ENABLE_STRICT_OBJC_MSGSEND = YES;
				GCC_C_LANGUAGE_STANDARD = gnu11;
				GCC_NO_COMMON_BLOCKS = YES;
				GCC_WARN_64_TO_32_BIT_CONVERSION = YES;
				GCC_WARN_ABOUT_RETURN_TYPE = YES_ERROR;
				GCC_WARN_UNDECLARED_SELECTOR = YES;
				GCC_WARN_UNINITIALIZED_AUTOS = YES_AGGRESSIVE;
				GCC_WARN_UNUSED_FUNCTION = YES;
				GCC_WARN_UNUSED_VARIABLE = YES;
				IPHONEOS_DEPLOYMENT_TARGET = 12.1;
				MTL_ENABLE_DEBUG_INFO = NO;
				MTL_FAST_MATH = YES;
				SDKROOT = iphoneos;
				SWIFT_COMPILATION_MODE = wholemodule;
				SWIFT_OPTIMIZATION_LEVEL = "-O";
				VALIDATE_PRODUCT = YES;
			};
			name = Release;
		};
		A826D31821CE237F00B3EA5D /* Debug */ = {
			isa = XCBuildConfiguration;
			baseConfigurationReference = 1C247DC73036A9972CE52E34 /* Pods-IvyLifts.debug.xcconfig */;
			buildSettings = {
				ASSETCATALOG_COMPILER_APPICON_NAME = AppIcon;
				CODE_SIGN_IDENTITY = "iPhone Developer";
				CODE_SIGN_STYLE = Automatic;
				DEVELOPMENT_TEAM = 8W5LLV26X4;
				FRAMEWORK_SEARCH_PATHS = (
					"$(inherited)",
					"$(PROJECT_DIR)/Carthage/Build/iOS",
				);
				INFOPLIST_FILE = IvyLifts/Info.plist;
				LD_RUNPATH_SEARCH_PATHS = (
					"$(inherited)",
					"@executable_path/Frameworks",
				);
				PRODUCT_BUNDLE_IDENTIFIER = com.Mlin.IvyLifts;
				PRODUCT_NAME = "$(TARGET_NAME)";
				PROVISIONING_PROFILE_SPECIFIER = "";
				SWIFT_ACTIVE_COMPILATION_CONDITIONS = DEBUG;
				SWIFT_VERSION = 4.2;
				TARGETED_DEVICE_FAMILY = "1,2";
			};
			name = Debug;
		};
		A826D31921CE237F00B3EA5D /* Release */ = {
			isa = XCBuildConfiguration;
			baseConfigurationReference = F89E0F46FDAABE597F7037B3 /* Pods-IvyLifts.release.xcconfig */;
			buildSettings = {
				ASSETCATALOG_COMPILER_APPICON_NAME = AppIcon;
				CODE_SIGN_IDENTITY = "iPhone Developer";
				CODE_SIGN_STYLE = Automatic;
				DEVELOPMENT_TEAM = 8W5LLV26X4;
				FRAMEWORK_SEARCH_PATHS = (
					"$(inherited)",
					"$(PROJECT_DIR)/Carthage/Build/iOS",
				);
				INFOPLIST_FILE = IvyLifts/Info.plist;
				LD_RUNPATH_SEARCH_PATHS = (
					"$(inherited)",
					"@executable_path/Frameworks",
				);
				PRODUCT_BUNDLE_IDENTIFIER = com.Mlin.IvyLifts;
				PRODUCT_NAME = "$(TARGET_NAME)";
				PROVISIONING_PROFILE_SPECIFIER = "";
				SWIFT_VERSION = 4.2;
				TARGETED_DEVICE_FAMILY = "1,2";
			};
			name = Release;
		};
		A83261DF21DC438A003AEC9E /* Debug */ = {
			isa = XCBuildConfiguration;
			buildSettings = {
				BUNDLE_LOADER = "$(TEST_HOST)";
				CODE_SIGN_STYLE = Automatic;
				DEVELOPMENT_TEAM = 8W5LLV26X4;
				INFOPLIST_FILE = IvyBrainTests/Info.plist;
				LD_RUNPATH_SEARCH_PATHS = (
					"$(inherited)",
					"@executable_path/Frameworks",
					"@loader_path/Frameworks",
				);
				PRODUCT_BUNDLE_IDENTIFIER = com.Mlin.IvyBrainTests;
				PRODUCT_NAME = "$(TARGET_NAME)";
				SWIFT_VERSION = 4.2;
				TARGETED_DEVICE_FAMILY = "1,2";
				TEST_HOST = "$(BUILT_PRODUCTS_DIR)/IvyLifts.app/IvyLifts";
			};
			name = Debug;
		};
		A83261E021DC438A003AEC9E /* Release */ = {
			isa = XCBuildConfiguration;
			buildSettings = {
				BUNDLE_LOADER = "$(TEST_HOST)";
				CODE_SIGN_STYLE = Automatic;
				DEVELOPMENT_TEAM = 8W5LLV26X4;
				INFOPLIST_FILE = IvyBrainTests/Info.plist;
				LD_RUNPATH_SEARCH_PATHS = (
					"$(inherited)",
					"@executable_path/Frameworks",
					"@loader_path/Frameworks",
				);
				PRODUCT_BUNDLE_IDENTIFIER = com.Mlin.IvyBrainTests;
				PRODUCT_NAME = "$(TARGET_NAME)";
				SWIFT_VERSION = 4.2;
				TARGETED_DEVICE_FAMILY = "1,2";
				TEST_HOST = "$(BUILT_PRODUCTS_DIR)/IvyLifts.app/IvyLifts";
			};
			name = Release;
		};
/* End XCBuildConfiguration section */

/* Begin XCConfigurationList section */
		A826D30021CE237E00B3EA5D /* Build configuration list for PBXProject "IvyLifts" */ = {
			isa = XCConfigurationList;
			buildConfigurations = (
				A826D31521CE237F00B3EA5D /* Debug */,
				A826D31621CE237F00B3EA5D /* Release */,
			);
			defaultConfigurationIsVisible = 0;
			defaultConfigurationName = Release;
		};
		A826D31721CE237F00B3EA5D /* Build configuration list for PBXNativeTarget "IvyLifts" */ = {
			isa = XCConfigurationList;
			buildConfigurations = (
				A826D31821CE237F00B3EA5D /* Debug */,
				A826D31921CE237F00B3EA5D /* Release */,
			);
			defaultConfigurationIsVisible = 0;
			defaultConfigurationName = Release;
		};
		A83261DE21DC438A003AEC9E /* Build configuration list for PBXNativeTarget "IvyBrainTests" */ = {
			isa = XCConfigurationList;
			buildConfigurations = (
				A83261DF21DC438A003AEC9E /* Debug */,
				A83261E021DC438A003AEC9E /* Release */,
			);
			defaultConfigurationIsVisible = 0;
			defaultConfigurationName = Release;
		};
/* End XCConfigurationList section */
	};
	rootObject = A826D2FD21CE237E00B3EA5D /* Project object */;
}
