PODS:
  - Alamofire (4.8.0)
  - JSONWebToken (2.2.0)
  - Realm (3.13.0):
    - Realm/Headers (= 3.13.0)
  - Realm/Headers (3.13.0)
  - RealmSwift (3.13.0):
    - Realm (= 3.13.0)

DEPENDENCIES:
  - Alamofire
  - JSONWebToken
  - RealmSwift

SPEC REPOS:
  https://github.com/cocoapods/specs.git:
    - Alamofire
    - JSONWebToken
    - Realm
    - RealmSwift

SPEC CHECKSUMS:
  Alamofire: 3ec537f71edc9804815215393ae2b1a8ea33a844
  JSONWebToken: 6fae32489632658d563dd6952a5c34020ea813e4
  Realm: 5edd2ee65406aef591a4f9895de5a3440e51b3d8
  RealmSwift: be5ebc7930e37cd3376b41cec7f21984528aaa16

PODFILE CHECKSUM: 8a47fc626c10d4b55c5973904bfc850e6c3f0621

COCOAPODS: 1.5.3
